
Microsoft Visual Studio Solution File, Format Version 12.00
# Visual Studio 14
VisualStudioVersion = 14.0.25420.1
MinimumVisualStudioVersion = 10.0.40219.1
Project("{FAE04EC0-301F-11D3-BF4B-00C04F79EFBC}") = "Task1", "Task1\Task1.csproj", "{B5FCD7AF-10A6-43E0-B00C-CF7C13DD36B9}"
EndProject
Project("{FAE04EC0-301F-11D3-BF4B-00C04F79EFBC}") = "Task2", "Task2\Task2.csproj", "{0B8A18DC-E462-4860-8DC9-FC12FF78F3EA}"
EndProject
Global
	GlobalSection(SolutionConfigurationPlatforms) = preSolution
		Debug|Any CPU = Debug|Any CPU
		Release|Any CPU = Release|Any CPU
	EndGlobalSection
	GlobalSection(ProjectConfigurationPlatforms) = postSolution
		{B5FCD7AF-10A6-43E0-B00C-CF7C13DD36B9}.Debug|Any CPU.ActiveCfg = Debug|Any CPU
		{B5FCD7AF-10A6-43E0-B00C-CF7C13DD36B9}.Debug|Any CPU.Build.0 = Debug|Any CPU
		{B5FCD7AF-10A6-43E0-B00C-CF7C13DD36B9}.Release|Any CPU.ActiveCfg = Release|Any CPU
		{B5FCD7AF-10A6-43E0-B00C-CF7C13DD36B9}.Release|Any CPU.Build.0 = Release|Any CPU
		{0B8A18DC-E462-4860-8DC9-FC12FF78F3EA}.Debug|Any CPU.ActiveCfg = Debug|Any CPU
		{0B8A18DC-E462-4860-8DC9-FC12FF78F3EA}.Debug|Any CPU.Build.0 = Debug|Any CPU
		{0B8A18DC-E462-4860-8DC9-FC12FF78F3EA}.Release|Any CPU.ActiveCfg = Release|Any CPU
		{0B8A18DC-E462-4860-8DC9-FC12FF78F3EA}.Release|Any CPU.Build.0 = Release|Any CPU
	EndGlobalSection
	GlobalSection(SolutionProperties) = preSolution
		HideSolutionNode = FALSE
	EndGlobalSection
EndGlobal
